
Microsoft Visual Studio Solution File, Format Version 12.00
# Visual Studio Version 16
VisualStudioVersion = 16.0.29418.71
MinimumVisualStudioVersion = 10.0.40219.1
Project("{FAE04EC0-301F-11D3-BF4B-00C04F79EFBC}") = "NewYearPresent", "ConsoleApp1\NewYearPresent.csproj", "{63DFFAA0-8F36-4638-B046-BEC914FEAD1B}"
EndProject
Global
	GlobalSection(SolutionConfigurationPlatforms) = preSolution
		Debug|Any CPU = Debug|Any CPU
		Release|Any CPU = Release|Any CPU
	EndGlobalSection
	GlobalSection(ProjectConfigurationPlatforms) = postSolution
		{63DFFAA0-8F36-4638-B046-BEC914FEAD1B}.Debug|Any CPU.ActiveCfg = Debug|Any CPU
		{63DFFAA0-8F36-4638-B046-BEC914FEAD1B}.Debug|Any CPU.Build.0 = Debug|Any CPU
		{63DFFAA0-8F36-4638-B046-BEC914FEAD1B}.Release|Any CPU.ActiveCfg = Release|Any CPU
		{63DFFAA0-8F36-4638-B046-BEC914FEAD1B}.Release|Any CPU.Build.0 = Release|Any CPU
	EndGlobalSection
	GlobalSection(SolutionProperties) = preSolution
		HideSolutionNode = FALSE
	EndGlobalSection
	GlobalSection(ExtensibilityGlobals) = postSolution
		SolutionGuid = {F682C713-39E6-4D1F-AAE8-256F7614D776}
	EndGlobalSection
EndGlobal
